{
    "_meta": {
        "hash": {
            "sha256": "d093a55c79c459839fcff59b0601f46acba8b6e3526122421cc304eab08f8fff"
        },
        "pipfile-spec": 6,
        "requires": {
            "python_version": "3.7"
        },
        "sources": [
            {
                "name": "pypi",
                "url": "https://pypi.org/simple",
                "verify_ssl": true
            }
        ]
    },
    "default": {
        "appdirs": {
            "hashes": [
                "sha256:9e5896d1372858f8dd3344faf4e5014d21849c756c8d5701f78f8a103b372d92",
                "sha256:d8b24664561d0d34ddfaec54636d502d7cea6e29c3eaf68f3df6180863e2166e"
            ],
            "version": "==1.4.3"
        },
        "booleanoperations": {
            "hashes": [
                "sha256:1750def605e53ca13cf45fedd31b360d241cc6082523e4b71d86c72dd3e9bc8a",
                "sha256:5163839dfe337ff7e30e80feee47a82a9720c972b5ae7779118aa995c30d731b"
            ],
            "version": "==0.8.2"
        },
        "compreffor": {
            "hashes": [
                "sha256:115e4482a7c6cc38875d912f6174a33325c0dd897b3a16fec9b691c6ab930dd7",
                "sha256:1514e847ccb7ddedfd737a5b4d9288d2373c487ba442df831b53da20b63eca8c",
                "sha256:1d920117959f0b1ffd139a750f7871290094047d12aa8d2511522c9054e54a2d",
                "sha256:1ef625b544f334ed9e499a7ded0a0f9dfc540ed4c2d97648281d0438981fbd26",
                "sha256:2f7f0252022819add4d9d4ff61de0cb3aa798c029715cdf165cea2f4389d9eee",
                "sha256:341a5f4e98651ad78833df37cc6ac7551a6c402708642928faf36812ed362c77",
                "sha256:3a0d9d58aa52388231b06c82c6179742b5489e7505c22814c727de2515cb13ec",
                "sha256:5263d09b9d77a3778a5e912dcf1ec83a380ba1fe2b9677891f02f6fd82859a01",
                "sha256:682c5bbd3ce0dc0113d04ef82479a1c8e70c4b59c17be30ba7075f7435696362",
                "sha256:6e3027d0247f3c52dbda7bce1143c9e2c7aa4a496c8e0d76d7dc424bfc9a6749",
                "sha256:6e53a103b89c3f33e173cc1485652b96a7064438bce7efae571ff5c29312eefb",
                "sha256:7056beebec3a64b47300bbcddbf93f3fa6e0d5258767c4b6ea2fdd0cee13ec87",
                "sha256:70cec399f09f506ac25c3b9d5c5f05a12c2f921aeab12dbe273df2f9b0441f7b",
                "sha256:71e053c6c2227016d6c87bc246d97ad30a91f5f2f63e09a1a0fbab18af425cde",
                "sha256:778f7ca8e8584dc20153e9823d4384a5651d33b416d38e25e2288e8be1a243d2",
                "sha256:7a94115e4ff16657f9e869a4131f5567cc28732a0b8fae3e18eb669d4b17f9ec",
                "sha256:9cc069bef16cd95ca8e500dfd75a5308cb63265ad38e407e45a0dad86a3756e6",
                "sha256:9d50df4cae35e1308163654b9b693abb859252d3affd181abb435c579f3fbb5d",
                "sha256:b521d33dedd3dc92fe434de96e5e73beed646c752cbf977d9f6cb2030d89b408",
                "sha256:c3e2bb069aba38a0f519f6359530d2ddddcc39f0367abc805b7464360567c695",
                "sha256:c7635ea46ea2c3811535d1a41f41d41064d0155261c356709aadf4c2ed0e734e",
                "sha256:d82f43c5fa02884ea79a348a43b8f2d7d3a1f5c50b04f9fd739dff10c8d6a99b",
                "sha256:e845e763c273a05ecfab5d30e479a9b1ce268c5e3c123a884927ca2ad85b284c"
            ],
            "version": "==0.4.6.post1"
        },
        "cu2qu": {
            "hashes": [
                "sha256:01a70624163b1a73792ef0f585b614e71e5c4885d06f545aebae85202f71ba62",
                "sha256:0ff0161a4dbc4d84d1d38a17647332d304fbbb0f4536677ce83257d5921ad3fd",
                "sha256:1ee2503516892af930b96fdc1176151314387a015b6af897bd6fa456084260cc",
                "sha256:309d40e11702034f3c6770db20be11712a26d2e2911e436ac1ecb1769f3024d6",
                "sha256:321b62d398c6c39507acc223315b845a54c255ae7c4190289e2584a655b5e160",
                "sha256:4b3bc12761c6ac5cfa3cc95babde8cbec5cd0041bc311a33f403efd7765d8cad",
                "sha256:57ed7856ee520df2cf10e288dbaeba2f9e54da918c12f2ac83d164055067295a",
                "sha256:6bf3dbd5daa5c3ec5e1d6efb1eed36ed2563304398d2100424b673de9f64fd79",
                "sha256:77fa964432afbc7501d60246b87a82de2cf99711eabb60121ce14dcf99f300f9",
                "sha256:7a2f024e3a01fdba1a85290a0d7141abd8a375af80fb178d2412c1cf1e3f86df",
                "sha256:92e8db2338bde72df830556afb5d33cbd3c052c197b3262856646ff2308a2d0e",
                "sha256:b3b4a0d80798489906ca503c4a7a749e0a360670aa2f10f21dd01682e37b8293",
                "sha256:c9197aa2471112c2a7c87c8b509d81ca0daaadbe77a73ba6e0e9a72be3f58f20",
                "sha256:d6727edac77b2d8d3e56b04fe3237c089c2b151db03d6ee777cbb163c52c1c0a",
                "sha256:f10cd6088b7ee83b1a8f7eca886f4355e2152b47432a8e4e7b05eb6390cc7db4",
                "sha256:f3050119434c15cf47896fc50fd9ff2f46f18db3ada31fd8a9c996f456879c24",
                "sha256:f68bfc3c75dfa77dce9813671c86fe1bda2ed0e732dd5818566193097f038e74",
                "sha256:ffc205cc5895c8a39563c63dd9b215345014aff2877155e9a33ee48408dbc352"
            ],
            "version": "==1.6.5"
        },
        "defcon": {
            "extras": [
                "lxml"
            ],
            "hashes": [
                "sha256:52e461961b4b68ae6883f8a14a0d82f2d09f2de7a526b95c7d1b195c10ca745f",
                "sha256:e057303d188f1a0961a0c70eebdedceac7fe11e6cd30421324bb7ee33cfcd614"
            ],
            "version": "==0.6.0"
        },
        "fontmake": {
            "hashes": [
                "sha256:6e04d6c099e97dedc15874a11c2e7fac55b0c229006a76e775a4017ad0b4fb6f",
                "sha256:9dc080411060137a6e99c204f0739f3fe29dc9cc7e7a8ba4c93af4da4195528a"
            ],
            "version": "==1.9.3"
        },
        "fontmath": {
            "hashes": [
                "sha256:2042619570bb94be699a7013b85839c5ebd352b4e7d2c434534dd3d2f03c45b4",
                "sha256:f455c8f76277ba9e9ee36d60b79c25d8ddbb20f55983713731ed0234c716e378"
            ],
            "version": "==0.5.0"
        },
        "fonttools": {
            "extras": [
                "lxml",
                "ufo",
                "unicode"
            ],
            "hashes": [
                "sha256:00a16ab87d9ed4cb13d1588963ec5a55fdc2aa540dd11f6ebbfc79444ced8776",
                "sha256:c00b393b8fb8644acc7a0c7b71d2e70eadc21db494baaa05b32b08148c661670"
            ],
            "version": "==3.42.0"
        },
        "fs": {
            "hashes": [
                "sha256:42022b74cfa30b1fad4e697720b1bc0eed8c49ca80ed8f5f0bb07d9db41d62bf",
                "sha256:8f192fba097937fec4b172c8928c8aa19602e778270d7ac9c61b6f2a41525241"
            ],
            "version": "==2.4.5"
        },
        "glob2": {
            "hashes": [
                "sha256:f5b0a686ff21f820c4d3f0c4edd216704cea59d79d00fa337e244a2f2ff83ed6"
            ],
            "version": "==0.6"
        },
        "glyphconstruction": {
            "git": "https://github.com/typemytype/GlyphConstruction.git",
            "ref": "75386f7f56453405d57e7d86b184d4ba04196eb7"
        },
        "glyphslib": {
            "hashes": [
                "sha256:bdae5f4f13627ecb94098693c870ba5fbc1e773c3642ca7af05026b04571c98f",
                "sha256:cec8309a1105ccb2aeed0a543a1f2a056ef5851418a6ea5ebdc00742e25fa106"
            ],
            "version": "==3.3.1"
        },
        "hellbox": {
            "hashes": [
                "sha256:08f6b08d6796fc4edaefb4b8cacee57e79d8c1628112b297702d4e1479ab51b7",
                "sha256:23ac513d45ef32f9ba692c9213900e551f361a4724c14afbe465f2e9cb665c3d"
            ],
            "index": "pypi",
            "version": "==0.1.3"
        },
        "hellbox-fontmake": {
            "hashes": [
                "sha256:40518068db52fca87e34a0f95c7541d3c85344e1d8db92e4f564ec55e640b41b",
                "sha256:f39462901ce6a460a860efaad2ef7256541decdcef8c84ff07176197cd37f594"
            ],
            "index": "pypi",
            "version": "==0.1.1"
        },
        "lxml": {
            "hashes": [
                "sha256:03984196d00670b2ab14ae0ea83d5cc0cfa4f5a42558afa9ab5fa745995328f5",
                "sha256:0815b0c9f897468de6a386dc15917a0becf48cc92425613aa8bbfc7f0f82951f",
                "sha256:175f3825f075cf02d15099eb52658457cf0ff103dcf11512b5d2583e1d40f58b",
                "sha256:30e14c62d88d1e01a26936ecd1c6e784d4afc9aa002bba4321c5897937112616",
                "sha256:3210da6f36cf4b835ff1be853962b22cc354d506f493b67a4303c88bbb40d57b",
                "sha256:40f60819fbd5bad6e191ba1329bfafa09ab7f3f174b3d034d413ef5266963294",
                "sha256:43b26a865a61549919f8a42e094dfdb62847113cf776d84bd6b60e4e3fc20ea3",
                "sha256:4a03dd682f8e35a10234904e0b9508d705ff98cf962c5851ed052e9340df3d90",
                "sha256:62f382cddf3d2e52cf266e161aa522d54fd624b8cc567bc18f573d9d50d40e8e",
                "sha256:7b98f0325be8450da70aa4a796c4f06852949fe031878b4aa1d6c417a412f314",
                "sha256:846a0739e595871041385d86d12af4b6999f921359b38affb99cdd6b54219a8f",
                "sha256:a3080470559938a09a5d0ec558c005282e99ac77bf8211fb7b9a5c66390acd8d",
                "sha256:ad841b78a476623955da270ab8d207c3c694aa5eba71f4792f65926dc46c6ee8",
                "sha256:afdd75d9735e44c639ffd6258ce04a2de3b208f148072c02478162d0944d9da3",
                "sha256:b4fbf9b552faff54742bcd0791ab1da5863363fb19047e68f6592be1ac2dab33",
                "sha256:b90c4e32d6ec089d3fa3518436bdf5ce4d902a0787dbd9bb09f37afe8b994317",
                "sha256:b91cfe4438c741aeff662d413fd2808ac901cc6229c838236840d11de4586d63",
                "sha256:bdb0593a42070b0a5f138b79b872289ee73c8e25b3f0bea6564e795b55b6bcdd",
                "sha256:c4e4bca2bb68ce22320297dfa1a7bf070a5b20bcbaec4ee023f83d2f6e76496f",
                "sha256:cec4ab14af9eae8501be3266ff50c3c2aecc017ba1e86c160209bb4f0423df6a",
                "sha256:e83b4b2bf029f5104bc1227dbb7bf5ace6fd8fabaebffcd4f8106fafc69fc45f",
                "sha256:e995b3734a46d41ae60b6097f7c51ba9958648c6d1e0935b7e0ee446ee4abe22",
                "sha256:f679d93dec7f7210575c85379a31322df4c46496f184ef650d3aba1484b38a2d",
                "sha256:fd213bb5166e46974f113c8228daaef1732abc47cb561ce9c4c8eaed4bd3b09b",
                "sha256:fdcb57b906dbc1f80666e6290e794ab8fb959a2e17aa5aee1758a85d1da4533f",
                "sha256:ff424b01d090ffe1947ec7432b07f536912e0300458f9a7f48ea217dd8362b86"
            ],
            "version": "==4.3.3"
        },
        "mutatormath": {
            "hashes": [
                "sha256:6930f966a07a7459bcdb15b36dbcb615a791853d79965897cedb1047d5beeecb",
                "sha256:a1690a819b61885469bb95b5f2795e06c48322245e015f7a78eaf0e20dc59699"
            ],
            "version": "==2.1.2"
        },
        "pyclipper": {
            "hashes": [
                "sha256:0b37d39bd9d4f330918de20c169e7d74108217a752533ec6ac54c6a8825adcec",
                "sha256:0d99acc5618faf8772164a3a067c1d1abd4513cf66b7b7a8d7adaa150a18376d",
                "sha256:4c4e9a643f6866f1ea4361b83a6a5c6a0d64e6a391a286e79b7f0844c2ae3c2a",
                "sha256:567947b8e31de852be32941872a72e843e679af8cf0826108be0a4c6108792a3",
                "sha256:623ab16641e4e408359420d615c6a395cb3da23a559a20e57402bebb216bd125",
                "sha256:6aa4bce5111e0bd2c50d452d940ddd87ef6c2632b2da6952fe2dec4f5e103173",
                "sha256:747bfd3e219d5f2c45e50d874ea6da4ae746b3a4601f28566fd29a6ab0966a7a",
                "sha256:78ebe32ccb6807bc8eac652ec9a7875dfa229e947b686a107acaf69259da3d8d",
                "sha256:7ecf2cc782ab3e3d33120aa3fc9da1bfd72155c6ad2ee358d14b81865dda2d65",
                "sha256:888e04d29717e9c47336c814094bd9523b3ec9ed371ce91dfa60636aae1de6f6",
                "sha256:8a8b6018d53fcce291f78dedca19994f82695eed3a2c9eff275691d4ed9aab51",
                "sha256:8bb79a30fd6078e589b39c164acd969d3f5f942a566b7e951c941f6d5c7106fe",
                "sha256:8f8ff492926c2d865bc58121bc15438e8698d8a9b7751b67892ef3516838d462",
                "sha256:abfb4c65937494bb5a3bb5fb3cf44cdb33ac88805effcd702afdb0d7bfb1803f",
                "sha256:acfbfe2a3e236a474100393661291681419ec89e74fb6a51db5325ddd280ab9a",
                "sha256:b03d1dcac192412a1f7125500dcd09baa0ccf9c27f1300870e80981907197583",
                "sha256:ba98f5472d6066386367a3e8d44c327b5438e746a7faf356e6b116338fe6492e",
                "sha256:bb89da8a321a9662330f18c1f8a88dd44966160e7a9e25c86ca16fbc1be31c0d",
                "sha256:bed37f2d2517e18976aa24477cce319fd48efa8fbafe9407101c599ba4a2b481",
                "sha256:c0fb993da9ef2ce62a9f62dcb14fff16f90bae57c073d8d4187072490eb41a68",
                "sha256:c964d5808aa5e44aae9500e70d3f08d5191edf6a355e183d8c6fb8f43dde77ad",
                "sha256:d6a2186a8a85121ee2732bd28c2243dd0451d8095d5e8426351b845fa409b974",
                "sha256:db6d0580bac8a642a31b0e07f220d3c94fe2dda39f559abc2d12713bff7dd3d0",
                "sha256:de693b6da86fbb69bf224bc89abfe479df205e827e20b4a431b03e37b2b5ee34",
                "sha256:e17d8d1adc834112ee8b092661da6231f7cfba9700297069c6b5bce71c07b9b4",
                "sha256:f064528ffb7486b1b2b21f833c729a63e5331e2e6073dfbc73b1d5e96a4d00a2",
                "sha256:f5e003f9ec3ced16691b7b0dbee39318aba3787ba85d01ef1f6627592c3ff75d",
                "sha256:fae29ba16ec075794c50242005be07fc3d5615b0cf3a86e2b60c1123446b574c"
            ],
            "version": "==1.1.0.post1"
        },
        "pytz": {
            "hashes": [
                "sha256:303879e36b721603cc54604edcac9d20401bdbe31e1e4fdee5b9f98d5d31dfda",
                "sha256:d747dd3d23d77ef44c6a3526e274af6efeb0a6f1afd5a69ba4d5be4098c8e141"
            ],
            "version": "==2019.1"
        },
        "six": {
            "hashes": [
                "sha256:3350809f0555b11f552448330d0b52d5f24c91a322ea4a15ef22629740f3761c",
                "sha256:d16a0141ec1a18405cd4ce8b4613101da75da0e9a7aec5bdd4fa804d0e0eba73"
            ],
            "version": "==1.12.0"
        },
        "ufo2ft": {
            "hashes": [
                "sha256:170a647968eeab0bfbb94bbb68f8a34297bc2dadb1670705dbd7238d1af3fa27",
                "sha256:85d83d46cd60a1848572ccf8d52bca1ca1599efa3fc92d14f549dcc81e23af35"
            ],
            "version": "==2.9.0"
        },
        "unicodedata2": {
            "hashes": [
                "sha256:0f1463958c55f40cec12a716ee44222e1a2ed43e44236175ef03d340ca3f0a99",
                "sha256:12e90818741e0694bd94b203f20273fb9badddc858cf2f7baeb1db360cf20be2",
                "sha256:224b3fec0f62a4d5edf121847bd6a7dedc6a5a44bbb266a805bc24b138a34e5f",
                "sha256:28e886663169f8aef52a8073faeb19771b48aefafa6cd900c9b059aa8d50120e",
                "sha256:2e2f9d16aedb133a0f42ded1af72d71b3d92d4f255f332c84b8b35d278b71502",
                "sha256:3225e437c66182491c9a944c1f2fdc3639928c9d1a61526ee13cbde92d9a3af5",
                "sha256:32cab547e5051e219c2a5395ab634616e341688c3816b10241dc0378c38951b7",
                "sha256:35289c301267e90d83a4b4b9daf31196b1cffde751d30bcd04fffc261d040475",
                "sha256:36804a6215d5b5cc088941f009fe0a0020ded0b82caafbf259eb327ed90bbd65",
                "sha256:52b2ae019427a9a65ad8953e72911ac00764b8d3e7da227bcde074225f7cc47f",
                "sha256:557b01075a74eb7306b82161cfc9b3d9f7a59ca808b01712c6c2a1aaa0a7da13",
                "sha256:5f58a3db5ae73fd25d442ecf3fbaa7c084993d81ebb1f041d9498241a1c2ab97",
                "sha256:6dd0b215a3f25d7cc5831a671efdc555c47eee6b318ab394374f6082e4a08dc9",
                "sha256:6f00c7ee94cf918d7857ed8a154293877b579b0895252c21a2e8ec3a86418621",
                "sha256:751d3841ded132f74d2f22bb3b4e1263a83777af97e4f97b5d8a7a7e8ae13c93",
                "sha256:7a65ab2e8ceb88b3d68640328d90428c5dafa8588a63aa86fd5beb072cb761a0",
                "sha256:7b7614106e4c830ca61a2ddc2e8d97a0dc9a2c4335d4b3107f7ee2a07a729ed8",
                "sha256:ae8a3a382e55ad787c784a64ecc83af715a01585cb161ebdbf1b71a4001e1b7a",
                "sha256:b2b60a45058dcf86cf9f166c419d9b7943d256eab4e9f6d7e5bc82e01da2ec96",
                "sha256:bee084dd5de548824a48ee27aa0e5418fc8128350c2e93db6790373c373075ca",
                "sha256:c2b50fa53cd1b63e4b073ee9f7936799860746937c69a5847dd5dead1cedc6a0",
                "sha256:c31136e0380fbad5baefbc932e49cb50d3260dbcdd838031fb0d89e8a9de9d56",
                "sha256:ca51add7ec40255db72feb701297e1b26d0f3c1852cbdefc9d9ea37c22bef14d",
                "sha256:d2eccba34ea5e1b4b3549391e1a10254577e7583f862a300e8f5665757564f77",
                "sha256:dc0befe416b62e8fde6dee4f28ef871f284d85eeecebbcdbb66fb92b00c22bf2",
                "sha256:e6a16bfcda5b163a7cad8e41c441d1a9b27ebb97816fb01f6909514bfe1ff8e3",
                "sha256:ec8b84ce04fab4b60df46fb61b3a6248b9d84c4fafa0931f8d82729281eb199f",
                "sha256:ff03c02c761d99d67ec8c13a0f5aebc11fce48f4106b52bf8d9cb42e4d60eb16"
            ],
            "version": "==12.0.0"
        }
    },
    "develop": {}
}
